
Microsoft Visual Studio Solution File, Format Version 12.00
# Visual Studio Version 17
VisualStudioVersion = 17.14.36623.8
MinimumVisualStudioVersion = 10.0.40219.1
Project("{FAE04EC0-301F-11D3-BF4B-00C04F79EFBC}") = "SimpleApplicationHome", "SimpleApplicationHome\SimpleApplicationHome.csproj", "{965943CC-462A-46E0-A851-249E051B40C6}"
EndProject
Global
	GlobalSection(SolutionConfigurationPlatforms) = preSolution
		Debug|Any CPU = Debug|Any CPU
		Release|Any CPU = Release|Any CPU
	EndGlobalSection
	GlobalSection(ProjectConfigurationPlatforms) = postSolution
		{965943CC-462A-46E0-A851-249E051B40C6}.Debug|Any CPU.ActiveCfg = Debug|Any CPU
		{965943CC-462A-46E0-A851-249E051B40C6}.Debug|Any CPU.Build.0 = Debug|Any CPU
		{965943CC-462A-46E0-A851-249E051B40C6}.Release|Any CPU.ActiveCfg = Release|Any CPU
		{965943CC-462A-46E0-A851-249E051B40C6}.Release|Any CPU.Build.0 = Release|Any CPU
	EndGlobalSection
	GlobalSection(SolutionProperties) = preSolution
		HideSolutionNode = FALSE
	EndGlobalSection
	GlobalSection(ExtensibilityGlobals) = postSolution
		SolutionGuid = {7F0D815C-8EC7-4D28-8EBE-1D1CBCC5CFED}
	EndGlobalSection
EndGlobal
